
Microsoft Visual Studio Solution File, Format Version 11.00
# Visual Studio 2010
# SharpDevelop 5.0
Project("{FAE04EC0-301F-11D3-BF4B-00C04F79EFBC}") = "ExtractMassiveWavetables", "ExtractMassiveWavetables.csproj", "{3C6F867D-DA42-44A5-9CE8-C2EEBE09A86A}"
EndProject
Global
	GlobalSection(SolutionConfigurationPlatforms) = preSolution
		Debug|Any CPU = Debug|Any CPU
		Release|Any CPU = Release|Any CPU
	EndGlobalSection
	GlobalSection(ProjectConfigurationPlatforms) = postSolution
		{3C6F867D-DA42-44A5-9CE8-C2EEBE09A86A}.Debug|Any CPU.ActiveCfg = Debug|Any CPU
		{3C6F867D-DA42-44A5-9CE8-C2EEBE09A86A}.Debug|Any CPU.Build.0 = Debug|Any CPU
		{3C6F867D-DA42-44A5-9CE8-C2EEBE09A86A}.Release|Any CPU.ActiveCfg = Release|Any CPU
		{3C6F867D-DA42-44A5-9CE8-C2EEBE09A86A}.Release|Any CPU.Build.0 = Release|Any CPU
	EndGlobalSection
EndGlobal
